github.com/MajotraderLucky/TestTasks2 v0.0.0-20230902022030-e8678fb8719f h1:5tVFVeuZj/sqIoXja27OYDwWI+Ll3o7yIyy0tneiHys=
github.com/MajotraderLucky/TestTasks2 v0.0.0-20230902022030-e8678fb8719f/go.mod h1:Xadp0PGvVoFFhdqawaPdoPLktLmns3I38qQxhRcoxPI=
github.com/MajotraderLucky/TestTasks2 v0.0.0-20230902025457-fccd10a83b6c h1:2JP24z3EVwZuJ1EJoWlHgs2CGNbJSf10cXnvirX18ak=
github.com/MajotraderLucky/TestTasks2 v0.0.0-20230902025457-fccd10a83b6c/go.mod h1:Xadp0PGvVoFFhdqawaPdoPLktLmns3I38qQxhRcoxPI=
github.com/MajotraderLucky/TestTasks2 v0.0.0-20230902030936-3ebbae18179d h1:VyZS3bsd/GXz3CDg+/db4lUGKakqQSzkjxxpXU01q/8=
github.com/MajotraderLucky/TestTasks2 v0.0.0-20230902030936-3ebbae18179d/go.mod h1:Xadp0PGvVoFFhdqawaPdoPLktLmns3I38qQxhRcoxPI=
github.com/MajotraderLucky/TestTasks2 v0.0.0-20230902031249-30cc939ecdda h1:xC85Q+kbo5JPcDrC1goV0Hgh/c+mNIwrksEBUaMUnt4=
github.com/MajotraderLucky/TestTasks2 v0.0.0-20230902031249-30cc939ecdda/go.mod h1:Xadp0PGvVoFFhdqawaPdoPLktLmns3I38qQxhRcoxPI=
github.com/MajotraderLucky/TestTasks2 v0.0.0-20230902034140-316f793db940 h1:IFtSgOtywPTs8ciwRE2hiGOUjJ2vvgY7Iz62kwtpNF4=
github.com/MajotraderLucky/TestTasks2 v0.0.0-20230902034140-316f793db940/go.mod h1:Xadp0PGvVoFFhdqawaPdoPLktLmns3I38qQxhRcoxPI=
github.com/MajotraderLucky/TestTasks2 v0.0.0-20230907121618-588adcf7ae14 h1:x0GG7Er1LjikZYMAq5b0PfkrwPaSxGvXvUSlXEQGKEU=
github.com/MajotraderLucky/TestTasks2 v0.0.0-20230907121618-588adcf7ae14/go.mod h1:Xadp0PGvVoFFhdqawaPdoPLktLmns3I38qQxhRcoxPI=
github.com/MajotraderLucky/TestTasks2 v0.0.0-20230907125448-411d0e52f733 h1:NJg0h09BqHsZG+uNesi8NjjdMEhQd8/VsZjF/ubyhsg=
github.com/MajotraderLucky/TestTasks2 v0.0.0-20230907125448-411d0e52f733/go.mod h1:Xadp0PGvVoFFhdqawaPdoPLktLmns3I38qQxhRcoxPI=
github.com/MajotraderLucky/TestTasks2 v0.0.0-20230907155915-82744d4a6eff h1:cvXeOqvIRZl2uoyimW2GG3PlabiGJjfWx+SmPfDYTgY=
github.com/MajotraderLucky/TestTasks2 v0.0.0-20230907155915-82744d4a6eff/go.mod h1:Xadp0PGvVoFFhdqawaPdoPLktLmns3I38qQxhRcoxPI=
github.com/MajotraderLucky/TestTasks2 v0.0.0-20230908203255-529ef72d61f2 h1:yU+DJUnSNavZ9rEaACulH55Z0mGpKY62RAkFQQG09l0=
github.com/MajotraderLucky/TestTasks2 v0.0.0-20230908203255-529ef72d61f2/go.mod h1:Xadp0PGvVoFFhdqawaPdoPLktLmns3I38qQxhRcoxPI=
github.com/MajotraderLucky/Utils v0.0.0-20230825021439-1d31827d98dd h1:U5+fhXtTABqGgd9XTK4ogdviXBm4HeCakDCoAJnDuC0=
github.com/MajotraderLucky/Utils v0.0.0-20230825021439-1d31827d98dd/go.mod h1:JGfgTvWuN34FDH9ax09WEJmHxpB4hua3UHcywEQHgO0=
github.com/MajotraderLucky/Utils v0.0.0-20230831234517-5ffc888064d2 h1:bc1+BIgPkgHVT2EHC+Cp+Ww8tvzj1nYLQVtL8byeD4w=
github.com/MajotraderLucky/Utils v0.0.0-20230831234517-5ffc888064d2/go.mod h1:JGfgTvWuN34FDH9ax09WEJmHxpB4hua3UHcywEQHgO0=
github.com/go-sql-driver/mysql v1.7.1 h1:lUIinVbN1DY0xBg0eMOzmmtGoHwWBbvnWubQUrtU8EI=
github.com/go-sql-driver/mysql v1.7.1/go.mod h1:OXbVy3sEdcQ2Doequ6Z5BW6fXNQTmx+9S1MCJN5yJMI=
