github.com/MajotraderLucky/TestTasks2 v0.0.0-20230902022030-e8678fb8719f h1:5tVFVeuZj/sqIoXja27OYDwWI+Ll3o7yIyy0tneiHys=
github.com/MajotraderLucky/TestTasks2 v0.0.0-20230902022030-e8678fb8719f/go.mod h1:Xadp0PGvVoFFhdqawaPdoPLktLmns3I38qQxhRcoxPI=
github.com/MajotraderLucky/Utils v0.0.0-20230825021439-1d31827d98dd h1:U5+fhXtTABqGgd9XTK4ogdviXBm4HeCakDCoAJnDuC0=
github.com/MajotraderLucky/Utils v0.0.0-20230825021439-1d31827d98dd/go.mod h1:JGfgTvWuN34FDH9ax09WEJmHxpB4hua3UHcywEQHgO0=
github.com/MajotraderLucky/Utils v0.0.0-20230831234517-5ffc888064d2 h1:bc1+BIgPkgHVT2EHC+Cp+Ww8tvzj1nYLQVtL8byeD4w=
github.com/MajotraderLucky/Utils v0.0.0-20230831234517-5ffc888064d2/go.mod h1:JGfgTvWuN34FDH9ax09WEJmHxpB4hua3UHcywEQHgO0=
github.com/go-sql-driver/mysql v1.7.1 h1:lUIinVbN1DY0xBg0eMOzmmtGoHwWBbvnWubQUrtU8EI=
github.com/go-sql-driver/mysql v1.7.1/go.mod h1:OXbVy3sEdcQ2Doequ6Z5BW6fXNQTmx+9S1MCJN5yJMI=
